version: 5
environments:
  default:
    channels:
    - url: https://conda.anaconda.org/conda-forge/
    packages:
      linux-64:
      - conda: https://conda.anaconda.org/conda-forge/linux-64/_libgcc_mutex-0.1-conda_forge.tar.bz2
      - conda: https://conda.anaconda.org/conda-forge/linux-64/_openmp_mutex-4.5-2_gnu.tar.bz2
      - conda: https://conda.anaconda.org/conda-forge/noarch/_sysroot_linux-64_curr_repodata_hack-3-h69a702a_14.conda
      - conda: https://conda.anaconda.org/conda-forge/linux-64/binutils_impl_linux-64-2.40-ha1999f0_2.conda
      - conda: https://conda.anaconda.org/conda-forge/linux-64/bzip2-1.0.8-hd590300_5.conda
      - conda: https://conda.anaconda.org/conda-forge/linux-64/c-ares-1.28.1-hd590300_0.conda
      - conda: https://conda.anaconda.org/conda-forge/linux-64/ca-certificates-2024.6.2-hbcca054_0.conda
      - conda: https://conda.anaconda.org/conda-forge/linux-64/clang-17-17.0.6-default_h127d8a8_4.conda
      - conda: https://conda.anaconda.org/conda-forge/linux-64/clang-17.0.6-default_h90ac42e_4.conda
      - conda: https://conda.anaconda.org/conda-forge/linux-64/clang-format-17-17.0.6-default_h127d8a8_4.conda
      - conda: https://conda.anaconda.org/conda-forge/linux-64/clang-format-17.0.6-default_h127d8a8_4.conda
      - conda: https://conda.anaconda.org/conda-forge/linux-64/clang-tools-17.0.6-default_h127d8a8_4.conda
      - conda: https://conda.anaconda.org/conda-forge/linux-64/clangxx-17.0.6-default_h127d8a8_4.conda
      - conda: https://conda.anaconda.org/conda-forge/linux-64/cmake-3.29.4-h91dbaaa_0.conda
      - conda: https://conda.anaconda.org/conda-forge/linux-64/gdb-12.1-py311h467ab62_0.tar.bz2
      - conda: https://conda.anaconda.org/conda-forge/linux-64/gmp-6.3.0-h59595ed_1.conda
      - conda: https://conda.anaconda.org/conda-forge/linux-64/icu-73.2-h59595ed_0.conda
      - conda: https://conda.anaconda.org/conda-forge/linux-64/include-what-you-use-0.21-h59595ed_1.conda
      - conda: https://conda.anaconda.org/conda-forge/noarch/kernel-headers_linux-64-4.18.0-he073ed8_2.conda
      - conda: https://conda.anaconda.org/conda-forge/linux-64/keyutils-1.6.1-h166bdaf_0.tar.bz2
      - conda: https://conda.anaconda.org/conda-forge/linux-64/krb5-1.21.2-h659d440_0.conda
      - conda: https://conda.anaconda.org/conda-forge/linux-64/ld_impl_linux-64-2.40-hf3520f5_2.conda
      - conda: https://conda.anaconda.org/conda-forge/linux-64/libclang-cpp17-17.0.6-default_h127d8a8_4.conda
      - conda: https://conda.anaconda.org/conda-forge/linux-64/libclang-cpp18.1-18.1.6-default_h127d8a8_0.conda
      - conda: https://conda.anaconda.org/conda-forge/linux-64/libclang13-18.1.6-default_h5d6823c_0.conda
      - conda: https://conda.anaconda.org/conda-forge/linux-64/libcurl-8.8.0-hca28451_0.conda
      - conda: https://conda.anaconda.org/conda-forge/linux-64/libcxx-17.0.6-h434a139_0.conda
      - conda: https://conda.anaconda.org/conda-forge/linux-64/libcxxabi-17.0.6-ha770c72_0.conda
      - conda: https://conda.anaconda.org/conda-forge/linux-64/libedit-3.1.20191231-he28a2e2_2.tar.bz2
      - conda: https://conda.anaconda.org/conda-forge/linux-64/libev-4.33-hd590300_2.conda
      - conda: https://conda.anaconda.org/conda-forge/linux-64/libexpat-2.6.2-h59595ed_0.conda
      - conda: https://conda.anaconda.org/conda-forge/linux-64/libffi-3.4.2-h7f98852_5.tar.bz2
      - conda: https://conda.anaconda.org/conda-forge/noarch/libgcc-devel_linux-64-13.2.0-h6ddb7a1_107.conda
      - conda: https://conda.anaconda.org/conda-forge/linux-64/libgcc-ng-13.2.0-h77fa898_7.conda
      - conda: https://conda.anaconda.org/conda-forge/linux-64/libgfortran-ng-13.2.0-h69a702a_7.conda
      - conda: https://conda.anaconda.org/conda-forge/linux-64/libgfortran5-13.2.0-hca663fb_7.conda
      - conda: https://conda.anaconda.org/conda-forge/linux-64/libgomp-13.2.0-h77fa898_7.conda
      - conda: https://conda.anaconda.org/conda-forge/linux-64/libiconv-1.17-hd590300_2.conda
      - conda: https://conda.anaconda.org/conda-forge/linux-64/libllvm17-17.0.6-hb3ce162_1.conda
      - conda: https://conda.anaconda.org/conda-forge/linux-64/libllvm18-18.1.6-hb77312f_0.conda
      - conda: https://conda.anaconda.org/conda-forge/linux-64/libnghttp2-1.58.0-h47da74e_1.conda
      - conda: https://conda.anaconda.org/conda-forge/linux-64/libnsl-2.0.1-hd590300_0.conda
      - conda: https://conda.anaconda.org/conda-forge/linux-64/libsqlite-3.45.3-h2797004_0.conda
      - conda: https://conda.anaconda.org/conda-forge/linux-64/libssh2-1.11.0-h0841786_0.conda
      - conda: https://conda.anaconda.org/conda-forge/noarch/libstdcxx-devel_linux-64-13.2.0-h6ddb7a1_107.conda
      - conda: https://conda.anaconda.org/conda-forge/linux-64/libstdcxx-ng-13.2.0-hc0a3c3a_7.conda
      - conda: https://conda.anaconda.org/conda-forge/linux-64/libunwind-1.6.2-h9c3ff4c_0.tar.bz2
      - conda: https://conda.anaconda.org/conda-forge/linux-64/libuuid-2.38.1-h0b41bf4_0.conda
      - conda: https://conda.anaconda.org/conda-forge/linux-64/libuv-1.48.0-hd590300_0.conda
      - conda: https://conda.anaconda.org/conda-forge/linux-64/libxcrypt-4.4.36-hd590300_1.conda
      - conda: https://conda.anaconda.org/conda-forge/linux-64/libxml2-2.12.7-hc051c1a_1.conda
      - conda: https://conda.anaconda.org/conda-forge/linux-64/libzlib-1.3.1-h4ab18f5_1.conda
      - conda: https://conda.anaconda.org/conda-forge/linux-64/lld-17.0.6-hc908ec4_1.conda
      - conda: https://conda.anaconda.org/conda-forge/linux-64/lldb-18.1.6-py311hdc8d1a8_0.conda
      - conda: https://conda.anaconda.org/conda-forge/linux-64/llvm-tools-17.0.6-hb3ce162_1.conda
      - conda: https://conda.anaconda.org/conda-forge/linux-64/ncurses-6.5-h59595ed_0.conda
      - conda: https://conda.anaconda.org/conda-forge/linux-64/ninja-1.11.1-h924138e_0.conda
      - conda: https://conda.anaconda.org/conda-forge/linux-64/openssl-3.3.1-h4ab18f5_0.conda
      - conda: https://conda.anaconda.org/conda-forge/noarch/pygments-2.18.0-pyhd8ed1ab_0.conda
      - conda: https://conda.anaconda.org/conda-forge/linux-64/python-3.11.9-hb806964_0_cpython.conda
      - conda: https://conda.anaconda.org/conda-forge/linux-64/python_abi-3.11-4_cp311.conda
      - conda: https://conda.anaconda.org/conda-forge/linux-64/readline-8.2-h8228510_1.conda
      - conda: https://conda.anaconda.org/conda-forge/linux-64/rhash-1.4.4-hd590300_0.conda
      - conda: https://conda.anaconda.org/conda-forge/noarch/six-1.16.0-pyh6c4a22f_0.tar.bz2
      - conda: https://conda.anaconda.org/conda-forge/noarch/sysroot_linux-64-2.28-he073ed8_2.conda
      - conda: https://conda.anaconda.org/conda-forge/linux-64/tk-8.6.13-noxft_h4845f30_101.conda
      - conda: https://conda.anaconda.org/conda-forge/noarch/tzdata-2024a-h0c530f3_0.conda
      - conda: https://conda.anaconda.org/conda-forge/linux-64/xz-5.2.6-h166bdaf_0.tar.bz2
      - conda: https://conda.anaconda.org/conda-forge/linux-64/zlib-1.3.1-h4ab18f5_1.conda
      - conda: https://conda.anaconda.org/conda-forge/linux-64/zstd-1.5.6-ha6fb4c9_0.conda
packages:
- kind: conda
  name: _libgcc_mutex
  version: '0.1'
  build: conda_forge
  subdir: linux-64
  url: https://conda.anaconda.org/conda-forge/linux-64/_libgcc_mutex-0.1-conda_forge.tar.bz2
  sha256: fe51de6107f9edc7aa4f786a70f4a883943bc9d39b3bb7307c04c41410990726
  md5: d7c89558ba9fa0495403155b64376d81
  license: None
  size: 2562
  timestamp: 1578324546067
- kind: conda
  name: _openmp_mutex
  version: '4.5'
  build: 2_gnu
  build_number: 16
  subdir: linux-64
  url: https://conda.anaconda.org/conda-forge/linux-64/_openmp_mutex-4.5-2_gnu.tar.bz2
  sha256: fbe2c5e56a653bebb982eda4876a9178aedfc2b545f25d0ce9c4c0b508253d22
  md5: 73aaf86a425cc6e73fcf236a5a46396d
  depends:
  - _libgcc_mutex 0.1 conda_forge
  - libgomp >=7.5.0
  constrains:
  - openmp_impl 9999
  license: BSD-3-Clause
  license_family: BSD
  size: 23621
  timestamp: 1650670423406
- kind: conda
  name: _sysroot_linux-64_curr_repodata_hack
  version: '3'
  build: h69a702a_14
  build_number: 14
  subdir: noarch
  noarch: generic
  url: https://conda.anaconda.org/conda-forge/noarch/_sysroot_linux-64_curr_repodata_hack-3-h69a702a_14.conda
  sha256: 0dbeaddc3d5134b5336c52ac05642533b8d1ba2e1316aa92981f4cf5b5388de0
  md5: 38d211c448a67f12fe693fe25df4da23
  license: LGPL-2.0-or-later AND LGPL-2.0-or-later WITH exceptions AND GPL-2.0-or-later AND MPL-2.0
  license_family: GPL
  size: 21169
  timestamp: 1708000801681
- kind: conda
  name: binutils_impl_linux-64
  version: '2.40'
  build: ha1999f0_2
  build_number: 2
  subdir: linux-64
  url: https://conda.anaconda.org/conda-forge/linux-64/binutils_impl_linux-64-2.40-ha1999f0_2.conda
  sha256: 93965e6d95da53fa2ead26298eeb8ab53b8e9da0732c4baee2f4ce7d9c16aec1
  md5: 861a9d0b9ad43dcebe5a76f38a7d2527
  depends:
  - ld_impl_linux-64 2.40 hf3520f5_2
  - sysroot_linux-64
  license: GPL-3.0-only
  license_family: GPL
  size: 5584502
  timestamp: 1717523025003
- kind: conda
  name: bzip2
  version: 1.0.8
  build: hd590300_5
  build_number: 5
  subdir: linux-64
  url: https://conda.anaconda.org/conda-forge/linux-64/bzip2-1.0.8-hd590300_5.conda
  sha256: 242c0c324507ee172c0e0dd2045814e746bb303d1eb78870d182ceb0abc726a8
  md5: 69b8b6202a07720f448be700e300ccf4
  depends:
  - libgcc-ng >=12
  license: bzip2-1.0.6
  license_family: BSD
  size: 254228
  timestamp: 1699279927352
- kind: conda
  name: c-ares
  version: 1.28.1
  build: hd590300_0
  subdir: linux-64
  url: https://conda.anaconda.org/conda-forge/linux-64/c-ares-1.28.1-hd590300_0.conda
  sha256: cb25063f3342149c7924b21544109696197a9d774f1407567477d4f3026bf38a
  md5: dcde58ff9a1f30b0037a2315d1846d1f
  depends:
  - libgcc-ng >=12
  license: MIT
  license_family: MIT
  size: 168875
  timestamp: 1711819445938
- kind: conda
  name: ca-certificates
  version: 2024.6.2
  build: hbcca054_0
  subdir: linux-64
  url: https://conda.anaconda.org/conda-forge/linux-64/ca-certificates-2024.6.2-hbcca054_0.conda
  sha256: 979af0932b2a5a26112044891a2d79e402e5ae8166f50fa48b8ebae47c0a2d65
  md5: 847c3c2905cc467cea52c24f9cfa8080
  license: ISC
  size: 156035
  timestamp: 1717311767102
- kind: conda
  name: clang
  version: 17.0.6
  build: default_h90ac42e_4
  build_number: 4
  subdir: linux-64
  url: https://conda.anaconda.org/conda-forge/linux-64/clang-17.0.6-default_h90ac42e_4.conda
  sha256: 199054f9ba550a027c6622de622a8997bdeba040036d578e465ed630a59bf7ef
  md5: eeca1897f821aae29021a7820d3f2b50
  depends:
  - binutils_impl_linux-64
  - clang-17 17.0.6 default_h127d8a8_4
  - libgcc-devel_linux-64
  - sysroot_linux-64
  constrains:
  - clang-tools 17.0.6.*
  - llvm 17.0.6.*
  - llvm-tools 17.0.6.*
  - llvmdev 17.0.6.*
  license: Apache-2.0 WITH LLVM-exception
  license_family: Apache
  size: 22837
  timestamp: 1711065409764
- kind: conda
  name: clang-17
  version: 17.0.6
  build: default_h127d8a8_4
  build_number: 4
  subdir: linux-64
  url: https://conda.anaconda.org/conda-forge/linux-64/clang-17-17.0.6-default_h127d8a8_4.conda
  sha256: a9ed84425f8003cfa25572a1247ed2aa26c971d3e09c6e4f86b25095a41f88c2
  md5: 8eb2b27cffed0b8d0336959d5f497afa
  depends:
  - libclang-cpp17 17.0.6 default_h127d8a8_4
  - libgcc-ng >=12
  - libllvm17 >=17.0.6,<17.1.0a0
  - libstdcxx-ng >=12
  constrains:
  - llvm-tools 17.0.6
  - clangdev 17.0.6
  - clang-tools 17.0.6
  - clangxx 17.0.6
  license: Apache-2.0 WITH LLVM-exception
  license_family: Apache
  size: 732006
  timestamp: 1711065336863
- kind: conda
  name: clang-format
  version: 17.0.6
  build: default_h127d8a8_4
  build_number: 4
  subdir: linux-64
  url: https://conda.anaconda.org/conda-forge/linux-64/clang-format-17.0.6-default_h127d8a8_4.conda
  sha256: 7770fae8274b368fdc0b3981c171594bc5c0d969ddb4bc22da51ea7a7debde00
  md5: 93136b34611a93a185292ddc75e628ee
  depends:
  - clang-format-17 17.0.6 default_h127d8a8_4
  - libclang-cpp17 >=17.0.6,<17.1.0a0
  - libgcc-ng >=12
  - libllvm17 >=17.0.6,<17.1.0a0
  - libstdcxx-ng >=12
  license: Apache-2.0 WITH LLVM-exception
  license_family: Apache
  size: 22812
  timestamp: 1711065669261
- kind: conda
  name: clang-format-17
  version: 17.0.6
  build: default_h127d8a8_4
  build_number: 4
  subdir: linux-64
  url: https://conda.anaconda.org/conda-forge/linux-64/clang-format-17-17.0.6-default_h127d8a8_4.conda
  sha256: b9fba3537dbaa5dc459cfc8cc62f7dae66952c5c2574c2c12d65d53c415a20cf
  md5: 918c2ce5549f2a07b5c2f4482ca86be2
  depends:
  - libclang-cpp17 >=17.0.6,<17.1.0a0
  - libgcc-ng >=12
  - libllvm17 >=17.0.6,<17.1.0a0
  - libstdcxx-ng >=12
  license: Apache-2.0 WITH LLVM-exception
  license_family: Apache
  size: 61413
  timestamp: 1711065600483
- kind: conda
  name: clang-tools
  version: 17.0.6
  build: default_h127d8a8_4
  build_number: 4
  subdir: linux-64
  url: https://conda.anaconda.org/conda-forge/linux-64/clang-tools-17.0.6-default_h127d8a8_4.conda
  sha256: 6af4fb429b948dfb1c415fc87c7498b6934e671c5dbccd73a3d467700f23fbbb
  md5: fcfb9ec9b620b71616fe2d04324420ff
  depends:
  - clang-format 17.0.6 default_h127d8a8_4
  - libclang-cpp17 >=17.0.6,<17.1.0a0
  - libclang13 >=17.0.6
  - libgcc-ng >=12
  - libllvm17 >=17.0.6,<17.1.0a0
  - libstdcxx-ng >=12
  - libxml2 >=2.12.6,<3.0a0
  constrains:
  - clangdev 17.0.6
  - clang 17.0.6.*
  - llvm 17.0.6.*
  - llvm-tools 17.0.6.*
  - llvmdev 17.0.6.*
  license: Apache-2.0 WITH LLVM-exception
  license_family: Apache
  size: 27559899
  timestamp: 1711065725250
- kind: conda
  name: clangxx
  version: 17.0.6
  build: default_h127d8a8_4
  build_number: 4
  subdir: linux-64
  url: https://conda.anaconda.org/conda-forge/linux-64/clangxx-17.0.6-default_h127d8a8_4.conda
  sha256: 23ba11aa756bc4b4c80c5fd633d46ef9b046613ab2253f92a08dc4c4a3ba4d63
  md5: aa0b6792bbf4510dc2c78350f173911b
  depends:
  - clang 17.0.6 default_h90ac42e_4
  - libstdcxx-devel_linux-64
  license: Apache-2.0 WITH LLVM-exception
  license_family: Apache
  size: 22881
  timestamp: 1711065432409
- kind: conda
  name: cmake
  version: 3.29.4
  build: h91dbaaa_0
  subdir: linux-64
  url: https://conda.anaconda.org/conda-forge/linux-64/cmake-3.29.4-h91dbaaa_0.conda
  sha256: 80c39e10ace7733829220bb382acddd42cf0d698dc7541bfaf9c5fb325cab6b0
  md5: d07b4431d37186cf69ef63a2aba6f47a
  depends:
  - bzip2 >=1.0.8,<2.0a0
  - libcurl >=8.8.0,<9.0a0
  - libexpat >=2.6.2,<3.0a0
  - libgcc-ng >=12
  - libstdcxx-ng >=12
  - libuv >=1.48.0,<2.0a0
  - libzlib >=1.2.13,<2.0a0
  - ncurses >=6.5,<7.0a0
  - rhash >=1.4.4,<2.0a0
  - xz >=5.2.6,<6.0a0
  - zstd >=1.5.6,<1.6.0a0
  license: BSD-3-Clause
  license_family: BSD
  size: 19024763
  timestamp: 1717457328163
- kind: conda
  name: gdb
  version: '12.1'
  build: py311h467ab62_0
  subdir: linux-64
  url: https://conda.anaconda.org/conda-forge/linux-64/gdb-12.1-py311h467ab62_0.tar.bz2
  sha256: 3b57f68ea4ae7ec234f1f8bb8854dc63bf7a0d93a82f286e10279fb9f192167b
  md5: 844bb8825ecfd120fc9aadb3642c2443
  depends:
  - __glibc >=2.17,<3.0.a0
  - gmp >=6.2.1,<7.0a0
  - libgcc-ng >=12
  - libgfortran-ng
  - libgfortran5 >=10.4.0
  - libstdcxx-ng >=12
  - libzlib >=1.2.13,<2.0.0a0
  - ncurses >=6.3,<7.0a0
  - pygments
  - python >=3.11,<3.12.0a0
  - python_abi 3.11.* *_cp311
  - readline >=8.1.2,<9.0a0
  - six
  - xz >=5.2.6,<6.0a0
  - zlib
  license: GPL-3.0-only
  license_family: GPL
  size: 6608048
  timestamp: 1668133689940
- kind: conda
  name: gmp
  version: 6.3.0
  build: h59595ed_1
  build_number: 1
  subdir: linux-64
  url: https://conda.anaconda.org/conda-forge/linux-64/gmp-6.3.0-h59595ed_1.conda
  sha256: cfc4202c23d6895d9c84042d08d5cda47d597772df870d4d2a10fc86dded5576
  md5: e358c7c5f6824c272b5034b3816438a7
  depends:
  - libgcc-ng >=12
  - libstdcxx-ng >=12
  license: GPL-2.0-or-later OR LGPL-3.0-or-later
  size: 569852
  timestamp: 1710169507479
- kind: conda
  name: icu
  version: '73.2'
  build: h59595ed_0
  subdir: linux-64
  url: https://conda.anaconda.org/conda-forge/linux-64/icu-73.2-h59595ed_0.conda
  sha256: e12fd90ef6601da2875ebc432452590bc82a893041473bc1c13ef29001a73ea8
  md5: cc47e1facc155f91abd89b11e48e72ff
  depends:
  - libgcc-ng >=12
  - libstdcxx-ng >=12
  license: MIT
  license_family: MIT
  size: 12089150
  timestamp: 1692900650789
- kind: conda
  name: include-what-you-use
  version: '0.21'
  build: h59595ed_1
  build_number: 1
  subdir: linux-64
  url: https://conda.anaconda.org/conda-forge/linux-64/include-what-you-use-0.21-h59595ed_1.conda
  sha256: e3e23b6476a134092270bf7e574f4c9faf96facd511b2da7b1c6a7ee6b098321
  md5: 8ffc4dbff0703de5444121ca63d9494f
  depends:
  - libclang-cpp17 >=17.0.6,<17.1.0a0
  - libgcc-ng >=12
  - libllvm17 >=17.0.6,<17.1.0a0
  - libstdcxx-ng >=12
  license: NCSA
  license_family: OTHER
  size: 769229
  timestamp: 1708032619921
- kind: conda
  name: kernel-headers_linux-64
  version: 4.18.0
  build: he073ed8_2
  build_number: 2
  subdir: noarch
  noarch: generic
  url: https://conda.anaconda.org/conda-forge/noarch/kernel-headers_linux-64-4.18.0-he073ed8_2.conda
  sha256: a66f71d354bcc0890f683cc0183b2c66c846c3af630c4cdd88eb54d1d17afb3f
  md5: 53dce80e1e9c697ef06e17cad8f18786
  depends:
  - _sysroot_linux-64_curr_repodata_hack 3.*
  constrains:
  - sysroot_linux-64 ==2.28
  license: LGPL-2.0-or-later AND LGPL-2.0-or-later WITH exceptions AND GPL-2.0-or-later AND MPL-2.0
  license_family: GPL
  size: 1258066
  timestamp: 1711086600855
- kind: conda
  name: keyutils
  version: 1.6.1
  build: h166bdaf_0
  subdir: linux-64
  url: https://conda.anaconda.org/conda-forge/linux-64/keyutils-1.6.1-h166bdaf_0.tar.bz2
  sha256: 150c05a6e538610ca7c43beb3a40d65c90537497a4f6a5f4d15ec0451b6f5ebb
  md5: 30186d27e2c9fa62b45fb1476b7200e3
  depends:
  - libgcc-ng >=10.3.0
  license: LGPL-2.1-or-later
  size: 117831
  timestamp: 1646151697040
- kind: conda
  name: krb5
  version: 1.21.2
  build: h659d440_0
  subdir: linux-64
  url: https://conda.anaconda.org/conda-forge/linux-64/krb5-1.21.2-h659d440_0.conda
  sha256: 259bfaae731989b252b7d2228c1330ef91b641c9d68ff87dae02cbae682cb3e4
  md5: cd95826dbd331ed1be26bdf401432844
  depends:
  - keyutils >=1.6.1,<2.0a0
  - libedit >=3.1.20191231,<3.2.0a0
  - libedit >=3.1.20191231,<4.0a0
  - libgcc-ng >=12
  - libstdcxx-ng >=12
  - openssl >=3.1.2,<4.0a0
  license: MIT
  license_family: MIT
  size: 1371181
  timestamp: 1692097755782
- kind: conda
  name: ld_impl_linux-64
  version: '2.40'
  build: hf3520f5_2
  build_number: 2
  subdir: linux-64
  url: https://conda.anaconda.org/conda-forge/linux-64/ld_impl_linux-64-2.40-hf3520f5_2.conda
  sha256: 5ed96807b26bc32d2d180e38e7340388ddfdb642950f888f7da78d274846afea
  md5: 61b0bd5219ce7192b4e3633521a78975
  constrains:
  - binutils_impl_linux-64 2.40
  license: GPL-3.0-only
  license_family: GPL
  size: 708179
  timestamp: 1717523002366
- kind: conda
  name: libclang-cpp17
  version: 17.0.6
  build: default_h127d8a8_4
  build_number: 4
  subdir: linux-64
  url: https://conda.anaconda.org/conda-forge/linux-64/libclang-cpp17-17.0.6-default_h127d8a8_4.conda
  sha256: b786711dffed8264e23b3ac9a80f5b2309c6aa43edfd241ba55675a75b24d5d7
  md5: c2543e26ef8b67d5583edfec711425a8
  depends:
  - libgcc-ng >=12
  - libllvm17 >=17.0.6,<17.1.0a0
  - libstdcxx-ng >=12
  license: Apache-2.0 WITH LLVM-exception
  license_family: Apache
  size: 18494570
  timestamp: 1711065247682
- kind: conda
  name: libclang-cpp18.1
  version: 18.1.6
  build: default_h127d8a8_0
  subdir: linux-64
  url: https://conda.anaconda.org/conda-forge/linux-64/libclang-cpp18.1-18.1.6-default_h127d8a8_0.conda
  sha256: 6b7a3179553288d714958cfbcdbc1654f807d6c1f1a7e2081d9f23eb170424e9
  md5: d681ec78d41c1529934e0fc16614e5c8
  depends:
  - libgcc-ng >=12
  - libllvm18 >=18.1.6,<18.2.0a0
  - libstdcxx-ng >=12
  license: Apache-2.0 WITH LLVM-exception
  license_family: Apache
  size: 19270332
  timestamp: 1716714630714
- kind: conda
  name: libclang13
  version: 18.1.6
  build: default_h5d6823c_0
  subdir: linux-64
  url: https://conda.anaconda.org/conda-forge/linux-64/libclang13-18.1.6-default_h5d6823c_0.conda
  sha256: aa8246dca2e738a6e4dda87b448b1c01be00035489bd4f1cf409830ab7ce7d7d
  md5: fbe666f653068958eb27f549cb12f202
  depends:
  - libgcc-ng >=12
  - libllvm18 >=18.1.6,<18.2.0a0
  - libstdcxx-ng >=12
  license: Apache-2.0 WITH LLVM-exception
  license_family: Apache
  size: 11057117
  timestamp: 1716714834549
- kind: conda
  name: libcurl
  version: 8.8.0
  build: hca28451_0
  subdir: linux-64
  url: https://conda.anaconda.org/conda-forge/linux-64/libcurl-8.8.0-hca28451_0.conda
  sha256: 45aec0ffc6fe3fd4c0083b815aa102b8103380acc2b6714fb272d921acc68ab2
  md5: f21c27f076a07907e70c49bb57bd0f20
  depends:
  - krb5 >=1.21.2,<1.22.0a0
  - libgcc-ng >=12
  - libnghttp2 >=1.58.0,<2.0a0
  - libssh2 >=1.11.0,<2.0a0
  - libzlib >=1.2.13,<2.0.0a0
  - openssl >=3.3.0,<4.0a0
  - zstd >=1.5.6,<1.6.0a0
  license: curl
  license_family: MIT
  size: 405535
  timestamp: 1716378550673
- kind: conda
  name: libcxx
  version: 17.0.6
  build: h434a139_0
  subdir: linux-64
  url: https://conda.anaconda.org/conda-forge/linux-64/libcxx-17.0.6-h434a139_0.conda
  sha256: f094b7339d383f8f074ef95a3740b0e39531ff556fdf4c996c33b6e21484b9c7
  md5: 6fe50572bd93ede7a53ba27025abf20a
  depends:
  - __glibc >=2.17,<3.0.a0
  - libcxxabi 17.0.6 ha770c72_0
  - libgcc-ng >=12
  constrains:
  - sysroot_linux-64 >=2.17
  license: Apache-2.0 WITH LLVM-exception
  license_family: Apache
  size: 1708599
  timestamp: 1715019863910
- kind: conda
  name: libcxxabi
  version: 17.0.6
  build: ha770c72_0
  subdir: linux-64
  url: https://conda.anaconda.org/conda-forge/linux-64/libcxxabi-17.0.6-ha770c72_0.conda
  sha256: d1dccf8346046ebabbfa3ac44c3716ebdfef65726264fcb70cfa4dd60e984020
  md5: 9c7315642cf1cb6894a1e12917d44494
  constrains:
  - libcxx 17.0.6.*
  license: Apache-2.0 WITH LLVM-exception
  license_family: Apache
  size: 146075
  timestamp: 1715019841047
- kind: conda
  name: libedit
  version: 3.1.20191231
  build: he28a2e2_2
  build_number: 2
  subdir: linux-64
  url: https://conda.anaconda.org/conda-forge/linux-64/libedit-3.1.20191231-he28a2e2_2.tar.bz2
  sha256: a57d37c236d8f7c886e01656f4949d9dcca131d2a0728609c6f7fa338b65f1cf
  md5: 4d331e44109e3f0e19b4cb8f9b82f3e1
  depends:
  - libgcc-ng >=7.5.0
  - ncurses >=6.2,<7.0.0a0
  license: BSD-2-Clause
  license_family: BSD
  size: 123878
  timestamp: 1597616541093
- kind: conda
  name: libev
  version: '4.33'
  build: hd590300_2
  build_number: 2
  subdir: linux-64
  url: https://conda.anaconda.org/conda-forge/linux-64/libev-4.33-hd590300_2.conda
  sha256: 1cd6048169fa0395af74ed5d8f1716e22c19a81a8a36f934c110ca3ad4dd27b4
  md5: 172bf1cd1ff8629f2b1179945ed45055
  depends:
  - libgcc-ng >=12
  license: BSD-2-Clause
  license_family: BSD
  size: 112766
  timestamp: 1702146165126
- kind: conda
  name: libexpat
  version: 2.6.2
  build: h59595ed_0
  subdir: linux-64
  url: https://conda.anaconda.org/conda-forge/linux-64/libexpat-2.6.2-h59595ed_0.conda
  sha256: 331bb7c7c05025343ebd79f86ae612b9e1e74d2687b8f3179faec234f986ce19
  md5: e7ba12deb7020dd080c6c70e7b6f6a3d
  depends:
  - libgcc-ng >=12
  constrains:
  - expat 2.6.2.*
  license: MIT
  license_family: MIT
  size: 73730
  timestamp: 1710362120304
- kind: conda
  name: libffi
  version: 3.4.2
  build: h7f98852_5
  build_number: 5
  subdir: linux-64
  url: https://conda.anaconda.org/conda-forge/linux-64/libffi-3.4.2-h7f98852_5.tar.bz2
  sha256: ab6e9856c21709b7b517e940ae7028ae0737546122f83c2aa5d692860c3b149e
  md5: d645c6d2ac96843a2bfaccd2d62b3ac3
  depends:
  - libgcc-ng >=9.4.0
  license: MIT
  license_family: MIT
  size: 58292
  timestamp: 1636488182923
- kind: conda
  name: libgcc-devel_linux-64
  version: 13.2.0
  build: h6ddb7a1_107
  build_number: 107
  subdir: noarch
  noarch: generic
  url: https://conda.anaconda.org/conda-forge/noarch/libgcc-devel_linux-64-13.2.0-h6ddb7a1_107.conda
  sha256: 65f255d8b99f6d0149c27f55256b1d242a5b6105aaa41be9b9cd979f3be7828c
  md5: 8efd51e0c29344405662f1bec161459d
  license: GPL-3.0-only WITH GCC-exception-3.1
  license_family: GPL
  size: 2605340
  timestamp: 1715622425485
- kind: conda
  name: libgcc-ng
  version: 13.2.0
  build: h77fa898_7
  build_number: 7
  subdir: linux-64
  url: https://conda.anaconda.org/conda-forge/linux-64/libgcc-ng-13.2.0-h77fa898_7.conda
  sha256: 62af2b89acbe74a21606c8410c276e57309c0a2ab8a9e8639e3c8131c0b60c92
  md5: 72ec1b1b04c4d15d4204ece1ecea5978
  depends:
  - _libgcc_mutex 0.1 conda_forge
  - _openmp_mutex >=4.5
  constrains:
  - libgomp 13.2.0 h77fa898_7
  license: GPL-3.0-only WITH GCC-exception-3.1
  license_family: GPL
  size: 775806
  timestamp: 1715016057793
- kind: conda
  name: libgfortran-ng
  version: 13.2.0
  build: h69a702a_7
  build_number: 7
  subdir: linux-64
  url: https://conda.anaconda.org/conda-forge/linux-64/libgfortran-ng-13.2.0-h69a702a_7.conda
  sha256: a588e69f96b8e0983a8cdfdbf1dc75eb48189f5420ec71150c8d8cdc0a811a9b
  md5: 1b84f26d9f4f6026e179e7805d5a15cd
  depends:
  - libgfortran5 13.2.0 hca663fb_7
  license: GPL-3.0-only WITH GCC-exception-3.1
  license_family: GPL
  size: 24314
  timestamp: 1715016272844
- kind: conda
  name: libgfortran5
  version: 13.2.0
  build: hca663fb_7
  build_number: 7
  subdir: linux-64
  url: https://conda.anaconda.org/conda-forge/linux-64/libgfortran5-13.2.0-hca663fb_7.conda
  sha256: 754ab038115edce550fdccdc9ddf7dead2fa8346b8cdd4428c59ae1e83293978
  md5: c0bd771f09a326fdcd95a60b617795bf
  depends:
  - libgcc-ng >=13.2.0
  constrains:
  - libgfortran-ng 13.2.0
  license: GPL-3.0-only WITH GCC-exception-3.1
  license_family: GPL
  size: 1441361
  timestamp: 1715016068766
- kind: conda
  name: libgomp
  version: 13.2.0
  build: h77fa898_7
  build_number: 7
  subdir: linux-64
  url: https://conda.anaconda.org/conda-forge/linux-64/libgomp-13.2.0-h77fa898_7.conda
  sha256: 781444fa069d3b50e8ed667b750571cacda785761c7fc2a89ece1ac49693d4ad
  md5: abf3fec87c2563697defa759dec3d639
  depends:
  - _libgcc_mutex 0.1 conda_forge
  license: GPL-3.0-only WITH GCC-exception-3.1
  license_family: GPL
  size: 422336
  timestamp: 1715015995979
- kind: conda
  name: libiconv
  version: '1.17'
  build: hd590300_2
  build_number: 2
  subdir: linux-64
  url: https://conda.anaconda.org/conda-forge/linux-64/libiconv-1.17-hd590300_2.conda
  sha256: 8ac2f6a9f186e76539439e50505d98581472fedb347a20e7d1f36429849f05c9
  md5: d66573916ffcf376178462f1b61c941e
  depends:
  - libgcc-ng >=12
  license: LGPL-2.1-only
  size: 705775
  timestamp: 1702682170569
- kind: conda
  name: libllvm17
  version: 17.0.6
  build: hb3ce162_1
  build_number: 1
  subdir: linux-64
  url: https://conda.anaconda.org/conda-forge/linux-64/libllvm17-17.0.6-hb3ce162_1.conda
  sha256: f0c46a724eeaaf5f45670b8344616e5a0397b7b7ae66ce01fc184fe80e37b0bc
  md5: 94246254aa1699cc154ade6ffda128a4
  depends:
  - libgcc-ng >=12
  - libstdcxx-ng >=12
  - libxml2 >=2.12.1,<3.0.0a0
  - libzlib >=1.2.13,<2.0.0a0
  - zstd >=1.5.5,<1.6.0a0
  license: Apache-2.0 WITH LLVM-exception
  license_family: Apache
  size: 36641112
  timestamp: 1701374240421
- kind: conda
  name: libllvm18
  version: 18.1.6
  build: hb77312f_0
  subdir: linux-64
  url: https://conda.anaconda.org/conda-forge/linux-64/libllvm18-18.1.6-hb77312f_0.conda
  sha256: 0f529a258d0e586f4d443b5c4df9c36b1fcf5391d867e7e0a2b2cb6084337477
  md5: 1246fc4b9f4db452e69cc297967d4b3e
  depends:
  - libgcc-ng >=12
  - libstdcxx-ng >=12
  - libxml2 >=2.12.7,<3.0a0
  - libzlib >=1.2.13,<2.0.0a0
  - zstd >=1.5.6,<1.6.0a0
  license: Apache-2.0 WITH LLVM-exception
  license_family: Apache
  size: 38428999
  timestamp: 1716642164972
- kind: conda
  name: libnghttp2
  version: 1.58.0
  build: h47da74e_1
  build_number: 1
  subdir: linux-64
  url: https://conda.anaconda.org/conda-forge/linux-64/libnghttp2-1.58.0-h47da74e_1.conda
  sha256: 1910c5306c6aa5bcbd623c3c930c440e9c77a5a019008e1487810e3c1d3716cb
  md5: 700ac6ea6d53d5510591c4344d5c989a
  depends:
  - c-ares >=1.23.0,<2.0a0
  - libev >=4.33,<4.34.0a0
  - libev >=4.33,<5.0a0
  - libgcc-ng >=12
  - libstdcxx-ng >=12
  - libzlib >=1.2.13,<2.0.0a0
  - openssl >=3.2.0,<4.0a0
  license: MIT
  license_family: MIT
  size: 631936
  timestamp: 1702130036271
- kind: conda
  name: libnsl
  version: 2.0.1
  build: hd590300_0
  subdir: linux-64
  url: https://conda.anaconda.org/conda-forge/linux-64/libnsl-2.0.1-hd590300_0.conda
  sha256: 26d77a3bb4dceeedc2a41bd688564fe71bf2d149fdcf117049970bc02ff1add6
  md5: 30fd6e37fe21f86f4bd26d6ee73eeec7
  depends:
  - libgcc-ng >=12
  license: LGPL-2.1-only
  license_family: GPL
  size: 33408
  timestamp: 1697359010159
- kind: conda
  name: libsqlite
  version: 3.45.3
  build: h2797004_0
  subdir: linux-64
  url: https://conda.anaconda.org/conda-forge/linux-64/libsqlite-3.45.3-h2797004_0.conda
  sha256: e2273d6860eadcf714a759ffb6dc24a69cfd01f2a0ea9d6c20f86049b9334e0c
  md5: b3316cbe90249da4f8e84cd66e1cc55b
  depends:
  - libgcc-ng >=12
  - libzlib >=1.2.13,<2.0.0a0
  license: Unlicense
  size: 859858
  timestamp: 1713367435849
- kind: conda
  name: libssh2
  version: 1.11.0
  build: h0841786_0
  subdir: linux-64
  url: https://conda.anaconda.org/conda-forge/linux-64/libssh2-1.11.0-h0841786_0.conda
  sha256: 50e47fd9c4f7bf841a11647ae7486f65220cfc988ec422a4475fe8d5a823824d
  md5: 1f5a58e686b13bcfde88b93f547d23fe
  depends:
  - libgcc-ng >=12
  - libzlib >=1.2.13,<2.0.0a0
  - openssl >=3.1.1,<4.0a0
  license: BSD-3-Clause
  license_family: BSD
  size: 271133
  timestamp: 1685837707056
- kind: conda
  name: libstdcxx-devel_linux-64
  version: 13.2.0
  build: h6ddb7a1_107
  build_number: 107
  subdir: noarch
  noarch: generic
  url: https://conda.anaconda.org/conda-forge/noarch/libstdcxx-devel_linux-64-13.2.0-h6ddb7a1_107.conda
  sha256: 7b34c4b6bb42a375b20e928c928685add0c9c867391215495d44d631f5acf425
  md5: ae4bbb544eb918a9917103a82ccfca15
  license: GPL-3.0-only WITH GCC-exception-3.1
  license_family: GPL
  size: 13120904
  timestamp: 1715622487212
- kind: conda
  name: libstdcxx-ng
  version: 13.2.0
  build: hc0a3c3a_7
  build_number: 7
  subdir: linux-64
  url: https://conda.anaconda.org/conda-forge/linux-64/libstdcxx-ng-13.2.0-hc0a3c3a_7.conda
  sha256: 35f1e08be0a84810c9075f5bd008495ac94e6c5fe306dfe4b34546f11fed850f
  md5: 53ebd4c833fa01cb2c6353e99f905406
  license: GPL-3.0-only WITH GCC-exception-3.1
  license_family: GPL
  size: 3837704
  timestamp: 1715016117360
- kind: conda
  name: libunwind
  version: 1.6.2
  build: h9c3ff4c_0
  subdir: linux-64
  url: https://conda.anaconda.org/conda-forge/linux-64/libunwind-1.6.2-h9c3ff4c_0.tar.bz2
  sha256: f2ac872920833960e514ce9efd8f7c08ce66dd870738d73839d1bce1ac497de6
  md5: a730b2badd586580c5752cc73842e068
  depends:
  - libgcc-ng >=9.4.0
  - libstdcxx-ng >=9.4.0
  license: MIT
  license_family: MIT
  size: 75491
  timestamp: 1638450786937
- kind: conda
  name: libuuid
  version: 2.38.1
  build: h0b41bf4_0
  subdir: linux-64
  url: https://conda.anaconda.org/conda-forge/linux-64/libuuid-2.38.1-h0b41bf4_0.conda
  sha256: 787eb542f055a2b3de553614b25f09eefb0a0931b0c87dbcce6efdfd92f04f18
  md5: 40b61aab5c7ba9ff276c41cfffe6b80b
  depends:
  - libgcc-ng >=12
  license: BSD-3-Clause
  license_family: BSD
  size: 33601
  timestamp: 1680112270483
- kind: conda
  name: libuv
  version: 1.48.0
  build: hd590300_0
  subdir: linux-64
  url: https://conda.anaconda.org/conda-forge/linux-64/libuv-1.48.0-hd590300_0.conda
  sha256: b7c0e8a0c93c2621be7645b37123d4e8d27e8a974da26a3fba47a9c37711aa7f
  md5: 7e8b914b1062dd4386e3de4d82a3ead6
  depends:
  - libgcc-ng >=12
  license: MIT
  license_family: MIT
  size: 899979
  timestamp: 1709913354710
- kind: conda
  name: libxcrypt
  version: 4.4.36
  build: hd590300_1
  build_number: 1
  subdir: linux-64
  url: https://conda.anaconda.org/conda-forge/linux-64/libxcrypt-4.4.36-hd590300_1.conda
  sha256: 6ae68e0b86423ef188196fff6207ed0c8195dd84273cb5623b85aa08033a410c
  md5: 5aa797f8787fe7a17d1b0821485b5adc
  depends:
  - libgcc-ng >=12
  license: LGPL-2.1-or-later
  size: 100393
  timestamp: 1702724383534
- kind: conda
  name: libxml2
  version: 2.12.7
  build: hc051c1a_1
  build_number: 1
  subdir: linux-64
  url: https://conda.anaconda.org/conda-forge/linux-64/libxml2-2.12.7-hc051c1a_1.conda
  sha256: 576ea9134176636283ff052897bf7a91ffd8ac35b2c505dfde2890ec52849698
  md5: 340278ded8b0dc3a73f3660bbb0adbc6
  depends:
  - icu >=73.2,<74.0a0
  - libgcc-ng >=12
  - libiconv >=1.17,<2.0a0
  - libzlib >=1.2.13,<2.0a0
  - xz >=5.2.6,<6.0a0
  license: MIT
  license_family: MIT
  size: 704984
  timestamp: 1717546454837
- kind: conda
  name: libzlib
  version: 1.3.1
  build: h4ab18f5_1
  build_number: 1
  subdir: linux-64
  url: https://conda.anaconda.org/conda-forge/linux-64/libzlib-1.3.1-h4ab18f5_1.conda
  sha256: adf6096f98b537a11ae3729eaa642b0811478f0ea0402ca67b5108fe2cb0010d
  md5: 57d7dc60e9325e3de37ff8dffd18e814
  depends:
  - libgcc-ng >=12
  constrains:
  - zlib 1.3.1 *_1
  license: Zlib
  license_family: Other
  size: 61574
  timestamp: 1716874187109
- kind: conda
  name: lld
  version: 17.0.6
  build: hc908ec4_1
  build_number: 1
  subdir: linux-64
  url: https://conda.anaconda.org/conda-forge/linux-64/lld-17.0.6-hc908ec4_1.conda
  sha256: e84f5e2204497bfe96e4f1de89668db4cb57ed91a74af6744dce4904ca94ac27
  md5: 3fa82a34953071f857330e7b6cad13ca
  depends:
  - libgcc-ng >=12
  - libllvm17 >=17.0.6,<17.1.0a0
  - libstdcxx-ng >=12
  - libzlib >=1.2.13,<2.0.0a0
  - zstd >=1.5.5,<1.6.0a0
  constrains:
  - llvm ==17.0.6
  license: Apache-2.0 WITH LLVM-exception
  license_family: APACHE
  size: 5629405
  timestamp: 1705126819715
- kind: conda
  name: lldb
  version: 18.1.6
  build: py311hdc8d1a8_0
  subdir: linux-64
  url: https://conda.anaconda.org/conda-forge/linux-64/lldb-18.1.6-py311hdc8d1a8_0.conda
  sha256: 3d7692c48828332c1bc1d5d066f0e2c47d84e490346ee5c34948ac5c9cb15e83
  md5: 3b36e72897c41fa8393ef9118e9386f5
  depends:
  - __glibc >=2.17,<3.0.a0
  - libclang-cpp18.1 >=18.1.6,<18.2.0a0
  - libedit >=3.1.20191231,<3.2.0a0
  - libgcc-ng >=12
  - libllvm18 >=18.1.6,<18.2.0a0
  - libstdcxx-ng >=12
  - libxml2 >=2.12.7,<3.0a0
  - libzlib >=1.2.13,<2.0.0a0
  - ncurses >=6.5,<7.0a0
  - python >=3.11,<3.12.0a0
  - python_abi 3.11.* *_cp311
  - six
  - xz >=5.2.6,<6.0a0
  - zstd >=1.5.6,<1.6.0a0
  constrains:
  - clangdev ==18.1.6
  - llvmdev ==18.1.6
  license: NCSA
  size: 9060546
  timestamp: 1716816786956
- kind: conda
  name: llvm-tools
  version: 17.0.6
  build: hb3ce162_1
  build_number: 1
  subdir: linux-64
  url: https://conda.anaconda.org/conda-forge/linux-64/llvm-tools-17.0.6-hb3ce162_1.conda
  sha256: e29a63a9ed1f6ea1a85dcb1dce896dd3fdc4efa1a54f4b1c57a3920721fc8928
  md5: 909063622a7351a96217654e82058566
  depends:
  - libgcc-ng >=12
  - libllvm17 17.0.6 hb3ce162_1
  - libstdcxx-ng >=12
  - libxml2 >=2.12.1,<3.0.0a0
  - libzlib >=1.2.13,<2.0.0a0
  - zstd >=1.5.5,<1.6.0a0
  constrains:
  - llvmdev     17.0.6
  - clang-tools 17.0.6
  - clang       17.0.6
  - llvm        17.0.6
  license: Apache-2.0 WITH LLVM-exception
  license_family: Apache
  size: 30776108
  timestamp: 1701374373582
- kind: conda
  name: ncurses
  version: '6.5'
  build: h59595ed_0
  subdir: linux-64
  url: https://conda.anaconda.org/conda-forge/linux-64/ncurses-6.5-h59595ed_0.conda
  sha256: 4fc3b384f4072b68853a0013ea83bdfd3d66b0126e2238e1d6e1560747aa7586
  md5: fcea371545eda051b6deafb24889fc69
  depends:
  - libgcc-ng >=12
  license: X11 AND BSD-3-Clause
  size: 887465
  timestamp: 1715194722503
- kind: conda
  name: ninja
  version: 1.11.1
  build: h924138e_0
  subdir: linux-64
  url: https://conda.anaconda.org/conda-forge/linux-64/ninja-1.11.1-h924138e_0.conda
  sha256: b555247ac8859b4ff311e3d708a0640f1bfe9fae7125c485b444072474a84c41
  md5: 73a4953a2d9c115bdc10ff30a52f675f
  depends:
  - libgcc-ng >=12
  - libstdcxx-ng >=12
  license: Apache-2.0
  license_family: Apache
  size: 2251263
  timestamp: 1676837602636
- kind: conda
  name: openssl
  version: 3.3.1
  build: h4ab18f5_0
  subdir: linux-64
  url: https://conda.anaconda.org/conda-forge/linux-64/openssl-3.3.1-h4ab18f5_0.conda
  sha256: 9691f8bd6394c5bb0b8d2f47cd1467b91bd5b1df923b69e6b517f54496ee4b50
  md5: a41fa0e391cc9e0d6b78ac69ca047a6c
  depends:
  - ca-certificates
  - libgcc-ng >=12
  constrains:
  - pyopenssl >=22.1
  license: Apache-2.0
  license_family: Apache
  size: 2896170
  timestamp: 1717546157673
- kind: conda
  name: pygments
  version: 2.18.0
  build: pyhd8ed1ab_0
  subdir: noarch
  noarch: python
  url: https://conda.anaconda.org/conda-forge/noarch/pygments-2.18.0-pyhd8ed1ab_0.conda
  sha256: 78267adf4e76d0d64ea2ffab008c501156c108bb08fecb703816fb63e279780b
  md5: b7f5c092b8f9800150d998a71b76d5a1
  depends:
  - python >=3.8
  license: BSD-2-Clause
  license_family: BSD
  size: 879295
  timestamp: 1714846885370
- kind: conda
  name: python
  version: 3.11.9
  build: hb806964_0_cpython
  subdir: linux-64
  url: https://conda.anaconda.org/conda-forge/linux-64/python-3.11.9-hb806964_0_cpython.conda
  sha256: 177f33a1fb8d3476b38f73c37b42f01c0b014fa0e039a701fd9f83d83aae6d40
  md5: ac68acfa8b558ed406c75e98d3428d7b
  depends:
  - bzip2 >=1.0.8,<2.0a0
  - ld_impl_linux-64 >=2.36.1
  - libexpat >=2.6.2,<3.0a0
  - libffi >=3.4,<4.0a0
  - libgcc-ng >=12
  - libnsl >=2.0.1,<2.1.0a0
  - libsqlite >=3.45.3,<4.0a0
  - libuuid >=2.38.1,<3.0a0
  - libxcrypt >=4.4.36
  - libzlib >=1.2.13,<2.0.0a0
  - ncurses >=6.4.20240210,<7.0a0
  - openssl >=3.2.1,<4.0a0
  - readline >=8.2,<9.0a0
  - tk >=8.6.13,<8.7.0a0
  - tzdata
  - xz >=5.2.6,<6.0a0
  constrains:
  - python_abi 3.11.* *_cp311
  license: Python-2.0
  size: 30884494
  timestamp: 1713553104915
- kind: conda
  name: python_abi
  version: '3.11'
  build: 4_cp311
  build_number: 4
  subdir: linux-64
  url: https://conda.anaconda.org/conda-forge/linux-64/python_abi-3.11-4_cp311.conda
  sha256: 0be3ac1bf852d64f553220c7e6457e9c047dfb7412da9d22fbaa67e60858b3cf
  md5: d786502c97404c94d7d58d258a445a65
  constrains:
  - python 3.11.* *_cpython
  license: BSD-3-Clause
  license_family: BSD
  size: 6385
  timestamp: 1695147338551
- kind: conda
  name: readline
  version: '8.2'
  build: h8228510_1
  build_number: 1
  subdir: linux-64
  url: https://conda.anaconda.org/conda-forge/linux-64/readline-8.2-h8228510_1.conda
  sha256: 5435cf39d039387fbdc977b0a762357ea909a7694d9528ab40f005e9208744d7
  md5: 47d31b792659ce70f470b5c82fdfb7a4
  depends:
  - libgcc-ng >=12
  - ncurses >=6.3,<7.0a0
  license: GPL-3.0-only
  license_family: GPL
  size: 281456
  timestamp: 1679532220005
- kind: conda
  name: rhash
  version: 1.4.4
  build: hd590300_0
  subdir: linux-64
  url: https://conda.anaconda.org/conda-forge/linux-64/rhash-1.4.4-hd590300_0.conda
  sha256: 12711d2d4a808a503c2e49b25d26ecb351435521e814c154e682dd2be71c2611
  md5: ec972a9a2925ac8d7a19eb9606561fff
  depends:
  - libgcc-ng >=12
  license: MIT
  license_family: MIT
  size: 185144
  timestamp: 1693455923632
- kind: conda
  name: six
  version: 1.16.0
  build: pyh6c4a22f_0
  subdir: noarch
  noarch: python
  url: https://conda.anaconda.org/conda-forge/noarch/six-1.16.0-pyh6c4a22f_0.tar.bz2
  sha256: a85c38227b446f42c5b90d9b642f2c0567880c15d72492d8da074a59c8f91dd6
  md5: e5f25f8dbc060e9a8d912e432202afc2
  depends:
  - python
  license: MIT
  license_family: MIT
  size: 14259
  timestamp: 1620240338595
- kind: conda
  name: sysroot_linux-64
  version: '2.28'
  build: he073ed8_2
  build_number: 2
  subdir: noarch
  noarch: generic
  url: https://conda.anaconda.org/conda-forge/noarch/sysroot_linux-64-2.28-he073ed8_2.conda
  sha256: 4d22ee85398cef1da379ef913a6232bafc0c412b1b4ce8ed9c5fd9d8c6d9d3a8
  md5: 32efe63453c3561a03e915a7829c2bb1
  depends:
  - _sysroot_linux-64_curr_repodata_hack 3.*
  - kernel-headers_linux-64 4.18.0 he073ed8_2
  track_features:
  - sysroot_linux-64_2.28 sysroot_linux-64_2.28_feature_2
  license: LGPL-2.0-or-later AND LGPL-2.0-or-later WITH exceptions AND GPL-2.0-or-later AND MPL-2.0
  license_family: GPL
  size: 26421592
  timestamp: 1711086612058
- kind: conda
  name: tk
  version: 8.6.13
  build: noxft_h4845f30_101
  build_number: 101
  subdir: linux-64
  url: https://conda.anaconda.org/conda-forge/linux-64/tk-8.6.13-noxft_h4845f30_101.conda
  sha256: e0569c9caa68bf476bead1bed3d79650bb080b532c64a4af7d8ca286c08dea4e
  md5: d453b98d9c83e71da0741bb0ff4d76bc
  depends:
  - libgcc-ng >=12
  - libzlib >=1.2.13,<2.0.0a0
  license: TCL
  license_family: BSD
  size: 3318875
  timestamp: 1699202167581
- kind: conda
  name: tzdata
  version: 2024a
  build: h0c530f3_0
  subdir: noarch
  noarch: generic
  url: https://conda.anaconda.org/conda-forge/noarch/tzdata-2024a-h0c530f3_0.conda
  sha256: 7b2b69c54ec62a243eb6fba2391b5e443421608c3ae5dbff938ad33ca8db5122
  md5: 161081fc7cec0bfda0d86d7cb595f8d8
  license: LicenseRef-Public-Domain
  size: 119815
  timestamp: 1706886945727
- kind: conda
  name: xz
  version: 5.2.6
  build: h166bdaf_0
  subdir: linux-64
  url: https://conda.anaconda.org/conda-forge/linux-64/xz-5.2.6-h166bdaf_0.tar.bz2
  sha256: 03a6d28ded42af8a347345f82f3eebdd6807a08526d47899a42d62d319609162
  md5: 2161070d867d1b1204ea749c8eec4ef0
  depends:
  - libgcc-ng >=12
  license: LGPL-2.1 and GPL-2.0
  size: 418368
  timestamp: 1660346797927
- kind: conda
  name: zlib
  version: 1.3.1
  build: h4ab18f5_1
  build_number: 1
  subdir: linux-64
  url: https://conda.anaconda.org/conda-forge/linux-64/zlib-1.3.1-h4ab18f5_1.conda
  sha256: cee16ab07a11303de721915f0a269e8c7a54a5c834aa52f74b1cc3a59000ade8
  md5: 9653f1bf3766164d0e65fa723cabbc54
  depends:
  - libgcc-ng >=12
  - libzlib 1.3.1 h4ab18f5_1
  license: Zlib
  license_family: Other
  size: 93004
  timestamp: 1716874213487
- kind: conda
  name: zstd
  version: 1.5.6
  build: ha6fb4c9_0
  subdir: linux-64
  url: https://conda.anaconda.org/conda-forge/linux-64/zstd-1.5.6-ha6fb4c9_0.conda
  sha256: c558b9cc01d9c1444031bd1ce4b9cff86f9085765f17627a6cd85fc623c8a02b
  md5: 4d056880988120e29d75bfff282e0f45
  depends:
  - libgcc-ng >=12
  - libstdcxx-ng >=12
  - libzlib >=1.2.13,<2.0.0a0
  license: BSD-3-Clause
  license_family: BSD
  size: 554846
  timestamp: 1714722996770
